
Microsoft Visual Studio Solution File, Format Version 12.00
# Visual Studio Version 17
VisualStudioVersion = 17.14.36623.8 d17.14
MinimumVisualStudioVersion = 10.0.40219.1
Project("{FAE04EC0-301F-11D3-BF4B-00C04F79EFBC}") = "TestProj", "TestProj.csproj", "{F7AD3B6D-B017-477E-8F6F-594B490E1D85}"
EndProject
Global
	GlobalSection(SolutionConfigurationPlatforms) = preSolution
		Debug|Any CPU = Debug|Any CPU
		Release|Any CPU = Release|Any CPU
	EndGlobalSection
	GlobalSection(ProjectConfigurationPlatforms) = postSolution
		{F7AD3B6D-B017-477E-8F6F-594B490E1D85}.Debug|Any CPU.ActiveCfg = Debug|Any CPU
		{F7AD3B6D-B017-477E-8F6F-594B490E1D85}.Debug|Any CPU.Build.0 = Debug|Any CPU
		{F7AD3B6D-B017-477E-8F6F-594B490E1D85}.Release|Any CPU.ActiveCfg = Release|Any CPU
		{F7AD3B6D-B017-477E-8F6F-594B490E1D85}.Release|Any CPU.Build.0 = Release|Any CPU
	EndGlobalSection
	GlobalSection(SolutionProperties) = preSolution
		HideSolutionNode = FALSE
	EndGlobalSection
	GlobalSection(ExtensibilityGlobals) = postSolution
		SolutionGuid = {A6F4CA98-F5CB-4E26-9B15-4F59C630FBB0}
	EndGlobalSection
EndGlobal
